
Microsoft Visual Studio Solution File, Format Version 12.00
# Visual Studio Version 17
VisualStudioVersion = 17.13.35931.197 d17.13
MinimumVisualStudioVersion = 10.0.40219.1
Project("{FAE04EC0-301F-11D3-BF4B-00C04F79EFBC}") = "WindowsFormsApp", "WindowsFormsApp.csproj", "{B60ABE77-198A-43AF-AB24-B67B21D15A42}"
EndProject
Global
	GlobalSection(SolutionConfigurationPlatforms) = preSolution
		Debug|Any CPU = Debug|Any CPU
		Release|Any CPU = Release|Any CPU
	EndGlobalSection
	GlobalSection(ProjectConfigurationPlatforms) = postSolution
		{B60ABE77-198A-43AF-AB24-B67B21D15A42}.Debug|Any CPU.ActiveCfg = Debug|Any CPU
		{B60ABE77-198A-43AF-AB24-B67B21D15A42}.Debug|Any CPU.Build.0 = Debug|Any CPU
		{B60ABE77-198A-43AF-AB24-B67B21D15A42}.Release|Any CPU.ActiveCfg = Release|Any CPU
		{B60ABE77-198A-43AF-AB24-B67B21D15A42}.Release|Any CPU.Build.0 = Release|Any CPU
	EndGlobalSection
	GlobalSection(SolutionProperties) = preSolution
		HideSolutionNode = FALSE
	EndGlobalSection
	GlobalSection(ExtensibilityGlobals) = postSolution
		SolutionGuid = {5F7ECF06-F5FA-4538-936D-9A5D7371CF56}
	EndGlobalSection
EndGlobal
